fyne.io/fyne/v2 v2.4.4 h1:D105x62V9f7E8E0U/gY4WvLrkRjDskrYkSjP6b+2s0c=
fyne.io/fyne/v2 v2.4.4/go.mod h1:2q5J9Lp0c2K/XnZ99iR9E4hI9k5O/Z0yE9f5Wq1d4bQ=
github.com/gen2brain/malgo v0.11.22 h1:rG5+c8sM6iJ9aKk2Y+c0V0w4Y7a5+r5yE4F4O+X5eZ0=
github.com/gen2brain/malgo v0.11.22/go.mod h1:1q5Y5b9s6J6iW1m7u1u3y1x1m8v7y0r0u+X0Y9v7t8w=
